Microsoft Visual Studio Solution File, Format Version 12.00
# Visual Studio Version 17
VisualStudioVersion = 17.5.2.0
MinimumVisualStudioVersion = 10.0.40219.1
Project("{FAE04EC0-301F-11D3-BF4B-00C04F79EFBC}") = "Skeleton", "back-end\Skeleton.csproj", "{69059C58-32C2-C297-B854-D017E7BFFA91}"
EndProject
Global
	GlobalSection(SolutionConfigurationPlatforms) = preSolution
		Debug|Any CPU = Debug|Any CPU
		Release|Any CPU = Release|Any CPU
	EndGlobalSection
	GlobalSection(ProjectConfigurationPlatforms) = postSolution
		{69059C58-32C2-C297-B854-D017E7BFFA91}.Debug|Any CPU.ActiveCfg = Debug|Any CPU
		{69059C58-32C2-C297-B854-D017E7BFFA91}.Debug|Any CPU.Build.0 = Debug|Any CPU
		{69059C58-32C2-C297-B854-D017E7BFFA91}.Release|Any CPU.ActiveCfg = Release|Any CPU
		{69059C58-32C2-C297-B854-D017E7BFFA91}.Release|Any CPU.Build.0 = Release|Any CPU
	EndGlobalSection
	GlobalSection(SolutionProperties) = preSolution
		HideSolutionNode = FALSE
	EndGlobalSection
	GlobalSection(ExtensibilityGlobals) = postSolution
		SolutionGuid = {EF060E58-9301-4AE6-BB0D-64245D1A2874}
	EndGlobalSection
EndGlobal
